
Microsoft Visual Studio Solution File, Format Version 12.00
# Visual Studio Version 17
VisualStudioVersion = 17.9.34714.143
MinimumVisualStudioVersion = 10.0.40219.1
Project("{FAE04EC0-301F-11D3-BF4B-00C04F79EFBC}") = "AIW_EasyPack", "AIW_EasyPack.csproj", "{8DED4DE8-4E80-42FB-851F-FF9984FAAC5C}"
EndProject
Global
	GlobalSection(SolutionConfigurationPlatforms) = preSolution
		Debug|Any CPU = Debug|Any CPU
		Debug|x86 = Debug|x86
		Release|Any CPU = Release|Any CPU
		Release|x86 = Release|x86
	EndGlobalSection
	GlobalSection(ProjectConfigurationPlatforms) = postSolution
		{8DED4DE8-4E80-42FB-851F-FF9984FAAC5C}.Debug|Any CPU.ActiveCfg = Debug|Any CPU
		{8DED4DE8-4E80-42FB-851F-FF9984FAAC5C}.Debug|Any CPU.Build.0 = Debug|Any CPU
		{8DED4DE8-4E80-42FB-851F-FF9984FAAC5C}.Debug|x86.ActiveCfg = Debug|x86
		{8DED4DE8-4E80-42FB-851F-FF9984FAAC5C}.Debug|x86.Build.0 = Debug|x86
		{8DED4DE8-4E80-42FB-851F-FF9984FAAC5C}.Release|Any CPU.ActiveCfg = Release|Any CPU
		{8DED4DE8-4E80-42FB-851F-FF9984FAAC5C}.Release|Any CPU.Build.0 = Release|Any CPU
		{8DED4DE8-4E80-42FB-851F-FF9984FAAC5C}.Release|x86.ActiveCfg = Release|x86
		{8DED4DE8-4E80-42FB-851F-FF9984FAAC5C}.Release|x86.Build.0 = Release|x86
	EndGlobalSection
	GlobalSection(SolutionProperties) = preSolution
		HideSolutionNode = FALSE
	EndGlobalSection
	GlobalSection(ExtensibilityGlobals) = postSolution
		SolutionGuid = {46325DF7-636A-4A74-A124-487E2AA9984C}
	EndGlobalSection
EndGlobal
